
Microsoft Visual Studio Solution File, Format Version 12.00
# Visual Studio Version 16
VisualStudioVersion = 16.0.28803.156
MinimumVisualStudioVersion = 10.0.40219.1
Project("{9A19103F-16F7-4668-BE54-9A1E7A4F7556}") = "PruebasWebNetCore.Common", "PruebasWebNetCore.Common\PruebasWebNetCore.Common.csproj", "{CE2C105E-3DF2-46B1-83BD-90EBB3CBB4BF}"
EndProject
Project("{2150E333-8FDC-42A3-9474-1A3956D46DE8}") = "Backend", "Backend", "{A2454D05-2BCE-4F65-9868-272DF8DA42F9}"
EndProject
Project("{2150E333-8FDC-42A3-9474-1A3956D46DE8}") = "FrontEnd", "FrontEnd", "{9839822B-F8E4-4951-880D-41ED1D8661F0}"
EndProject
Project("{9A19103F-16F7-4668-BE54-9A1E7A4F7556}") = "PruebasWebNetCore.Web", "PruebasWebNetCore.Web\PruebasWebNetCore.Web.csproj", "{3DACCB4F-B0D6-4208-93C7-BD0775E73F22}"
EndProject
Project("{2150E333-8FDC-42A3-9474-1A3956D46DE8}") = "Classic", "Classic", "{EBCFBD6D-5A6B-4750-B99A-903E37607B99}"
EndProject
Project("{2150E333-8FDC-42A3-9474-1A3956D46DE8}") = "Forms", "Forms", "{8D72765A-189E-4511-9470-82100308EDB1}"
EndProject
Project("{FAE04EC0-301F-11D3-BF4B-00C04F79EFBC}") = "PruebasWebNetCore.UIForms.Android", "PruebasWebNetCore.UIForms\PruebasWebNetCore.UIForms.Android\PruebasWebNetCore.UIForms.Android.csproj", "{4A9D96AB-FCA5-41FA-8B11-DDDE48302741}"
EndProject
Project("{FAE04EC0-301F-11D3-BF4B-00C04F79EFBC}") = "PruebasWebNetCore.UIForms.iOS", "PruebasWebNetCore.UIForms\PruebasWebNetCore.UIForms.iOS\PruebasWebNetCore.UIForms.iOS.csproj", "{EED32262-BE3A-41B4-BEE5-880DA0413A3F}"
EndProject
Project("{FAE04EC0-301F-11D3-BF4B-00C04F79EFBC}") = "PruebasWebNetCore.UIForms", "PruebasWebNetCore.UIForms\PruebasWebNetCore.UIForms\PruebasWebNetCore.UIForms.csproj", "{FF9C29D8-8583-4161-8DEB-C67D015B33F8}"
EndProject
Global
	GlobalSection(SolutionConfigurationPlatforms) = preSolution
		Debug|Any CPU = Debug|Any CPU
		Debug|iPhone = Debug|iPhone
		Debug|iPhoneSimulator = Debug|iPhoneSimulator
		Release|Any CPU = Release|Any CPU
		Release|iPhone = Release|iPhone
		Release|iPhoneSimulator = Release|iPhoneSimulator
	EndGlobalSection
	GlobalSection(ProjectConfigurationPlatforms) = postSolution
		{CE2C105E-3DF2-46B1-83BD-90EBB3CBB4BF}.Debug|Any CPU.ActiveCfg = Debug|Any CPU
		{CE2C105E-3DF2-46B1-83BD-90EBB3CBB4BF}.Debug|Any CPU.Build.0 = Debug|Any CPU
		{CE2C105E-3DF2-46B1-83BD-90EBB3CBB4BF}.Debug|iPhone.ActiveCfg = Debug|Any CPU
		{CE2C105E-3DF2-46B1-83BD-90EBB3CBB4BF}.Debug|iPhone.Build.0 = Debug|Any CPU
		{CE2C105E-3DF2-46B1-83BD-90EBB3CBB4BF}.Debug|iPhoneSimulator.ActiveCfg = Debug|Any CPU
		{CE2C105E-3DF2-46B1-83BD-90EBB3CBB4BF}.Debug|iPhoneSimulator.Build.0 = Debug|Any CPU
		{CE2C105E-3DF2-46B1-83BD-90EBB3CBB4BF}.Release|Any CPU.ActiveCfg = Release|Any CPU
		{CE2C105E-3DF2-46B1-83BD-90EBB3CBB4BF}.Release|Any CPU.Build.0 = Release|Any CPU
		{CE2C105E-3DF2-46B1-83BD-90EBB3CBB4BF}.Release|iPhone.ActiveCfg = Release|Any CPU
		{CE2C105E-3DF2-46B1-83BD-90EBB3CBB4BF}.Release|iPhone.Build.0 = Release|Any CPU
		{CE2C105E-3DF2-46B1-83BD-90EBB3CBB4BF}.Release|iPhoneSimulator.ActiveCfg = Release|Any CPU
		{CE2C105E-3DF2-46B1-83BD-90EBB3CBB4BF}.Release|iPhoneSimulator.Build.0 = Release|Any CPU
		{3DACCB4F-B0D6-4208-93C7-BD0775E73F22}.Debug|Any CPU.ActiveCfg = Debug|Any CPU
		{3DACCB4F-B0D6-4208-93C7-BD0775E73F22}.Debug|Any CPU.Build.0 = Debug|Any CPU
		{3DACCB4F-B0D6-4208-93C7-BD0775E73F22}.Debug|iPhone.ActiveCfg = Debug|Any CPU
		{3DACCB4F-B0D6-4208-93C7-BD0775E73F22}.Debug|iPhone.Build.0 = Debug|Any CPU
		{3DACCB4F-B0D6-4208-93C7-BD0775E73F22}.Debug|iPhoneSimulator.ActiveCfg = Debug|Any CPU
		{3DACCB4F-B0D6-4208-93C7-BD0775E73F22}.Debug|iPhoneSimulator.Build.0 = Debug|Any CPU
		{3DACCB4F-B0D6-4208-93C7-BD0775E73F22}.Release|Any CPU.ActiveCfg = Release|Any CPU
		{3DACCB4F-B0D6-4208-93C7-BD0775E73F22}.Release|Any CPU.Build.0 = Release|Any CPU
		{3DACCB4F-B0D6-4208-93C7-BD0775E73F22}.Release|iPhone.ActiveCfg = Release|Any CPU
		{3DACCB4F-B0D6-4208-93C7-BD0775E73F22}.Release|iPhone.Build.0 = Release|Any CPU
		{3DACCB4F-B0D6-4208-93C7-BD0775E73F22}.Release|iPhoneSimulator.ActiveCfg = Release|Any CPU
		{3DACCB4F-B0D6-4208-93C7-BD0775E73F22}.Release|iPhoneSimulator.Build.0 = Release|Any CPU
		{4A9D96AB-FCA5-41FA-8B11-DDDE48302741}.Debug|Any CPU.ActiveCfg = Debug|Any CPU
		{4A9D96AB-FCA5-41FA-8B11-DDDE48302741}.Debug|Any CPU.Build.0 = Debug|Any CPU
		{4A9D96AB-FCA5-41FA-8B11-DDDE48302741}.Debug|Any CPU.Deploy.0 = Debug|Any CPU
		{4A9D96AB-FCA5-41FA-8B11-DDDE48302741}.Debug|iPhone.ActiveCfg = Debug|Any CPU
		{4A9D96AB-FCA5-41FA-8B11-DDDE48302741}.Debug|iPhone.Build.0 = Debug|Any CPU
		{4A9D96AB-FCA5-41FA-8B11-DDDE48302741}.Debug|iPhone.Deploy.0 = Debug|Any CPU
		{4A9D96AB-FCA5-41FA-8B11-DDDE48302741}.Debug|iPhoneSimulator.ActiveCfg = Debug|Any CPU
		{4A9D96AB-FCA5-41FA-8B11-DDDE48302741}.Debug|iPhoneSimulator.Build.0 = Debug|Any CPU
		{4A9D96AB-FCA5-41FA-8B11-DDDE48302741}.Debug|iPhoneSimulator.Deploy.0 = Debug|Any CPU
		{4A9D96AB-FCA5-41FA-8B11-DDDE48302741}.Release|Any CPU.ActiveCfg = Release|Any CPU
		{4A9D96AB-FCA5-41FA-8B11-DDDE48302741}.Release|Any CPU.Build.0 = Release|Any CPU
		{4A9D96AB-FCA5-41FA-8B11-DDDE48302741}.Release|Any CPU.Deploy.0 = Release|Any CPU
		{4A9D96AB-FCA5-41FA-8B11-DDDE48302741}.Release|iPhone.ActiveCfg = Release|Any CPU
		{4A9D96AB-FCA5-41FA-8B11-DDDE48302741}.Release|iPhone.Build.0 = Release|Any CPU
		{4A9D96AB-FCA5-41FA-8B11-DDDE48302741}.Release|iPhone.Deploy.0 = Release|Any CPU
		{4A9D96AB-FCA5-41FA-8B11-DDDE48302741}.Release|iPhoneSimulator.ActiveCfg = Release|Any CPU
		{4A9D96AB-FCA5-41FA-8B11-DDDE48302741}.Release|iPhoneSimulator.Build.0 = Release|Any CPU
		{4A9D96AB-FCA5-41FA-8B11-DDDE48302741}.Release|iPhoneSimulator.Deploy.0 = Release|Any CPU
		{EED32262-BE3A-41B4-BEE5-880DA0413A3F}.Debug|Any CPU.ActiveCfg = Debug|iPhone
		{EED32262-BE3A-41B4-BEE5-880DA0413A3F}.Debug|iPhone.ActiveCfg = Debug|iPhone
		{EED32262-BE3A-41B4-BEE5-880DA0413A3F}.Debug|iPhone.Build.0 = Debug|iPhone
		{EED32262-BE3A-41B4-BEE5-880DA0413A3F}.Debug|iPhoneSimulator.ActiveCfg = Debug|iPhoneSimulator
		{EED32262-BE3A-41B4-BEE5-880DA0413A3F}.Debug|iPhoneSimulator.Build.0 = Debug|iPhoneSimulator
		{EED32262-BE3A-41B4-BEE5-880DA0413A3F}.Release|Any CPU.ActiveCfg = Release|iPhone
		{EED32262-BE3A-41B4-BEE5-880DA0413A3F}.Release|iPhone.ActiveCfg = Release|iPhone
		{EED32262-BE3A-41B4-BEE5-880DA0413A3F}.Release|iPhone.Build.0 = Release|iPhone
		{EED32262-BE3A-41B4-BEE5-880DA0413A3F}.Release|iPhoneSimulator.ActiveCfg = Release|iPhoneSimulator
		{EED32262-BE3A-41B4-BEE5-880DA0413A3F}.Release|iPhoneSimulator.Build.0 = Release|iPhoneSimulator
		{FF9C29D8-8583-4161-8DEB-C67D015B33F8}.Debug|Any CPU.ActiveCfg = Debug|Any CPU
		{FF9C29D8-8583-4161-8DEB-C67D015B33F8}.Debug|Any CPU.Build.0 = Debug|Any CPU
		{FF9C29D8-8583-4161-8DEB-C67D015B33F8}.Debug|iPhone.ActiveCfg = Debug|Any CPU
		{FF9C29D8-8583-4161-8DEB-C67D015B33F8}.Debug|iPhone.Build.0 = Debug|Any CPU
		{FF9C29D8-8583-4161-8DEB-C67D015B33F8}.Debug|iPhoneSimulator.ActiveCfg = Debug|Any CPU
		{FF9C29D8-8583-4161-8DEB-C67D015B33F8}.Debug|iPhoneSimulator.Build.0 = Debug|Any CPU
		{FF9C29D8-8583-4161-8DEB-C67D015B33F8}.Release|Any CPU.ActiveCfg = Release|Any CPU
		{FF9C29D8-8583-4161-8DEB-C67D015B33F8}.Release|Any CPU.Build.0 = Release|Any CPU
		{FF9C29D8-8583-4161-8DEB-C67D015B33F8}.Release|iPhone.ActiveCfg = Release|Any CPU
		{FF9C29D8-8583-4161-8DEB-C67D015B33F8}.Release|iPhone.Build.0 = Release|Any CPU
		{FF9C29D8-8583-4161-8DEB-C67D015B33F8}.Release|iPhoneSimulator.ActiveCfg = Release|Any CPU
		{FF9C29D8-8583-4161-8DEB-C67D015B33F8}.Release|iPhoneSimulator.Build.0 = Release|Any CPU
	EndGlobalSection
	GlobalSection(SolutionProperties) = preSolution
		HideSolutionNode = FALSE
	EndGlobalSection
	GlobalSection(NestedProjects) = preSolution
		{3DACCB4F-B0D6-4208-93C7-BD0775E73F22} = {A2454D05-2BCE-4F65-9868-272DF8DA42F9}
		{EBCFBD6D-5A6B-4750-B99A-903E37607B99} = {9839822B-F8E4-4951-880D-41ED1D8661F0}
		{8D72765A-189E-4511-9470-82100308EDB1} = {9839822B-F8E4-4951-880D-41ED1D8661F0}
		{4A9D96AB-FCA5-41FA-8B11-DDDE48302741} = {8D72765A-189E-4511-9470-82100308EDB1}
		{EED32262-BE3A-41B4-BEE5-880DA0413A3F} = {8D72765A-189E-4511-9470-82100308EDB1}
		{FF9C29D8-8583-4161-8DEB-C67D015B33F8} = {8D72765A-189E-4511-9470-82100308EDB1}
	EndGlobalSection
	GlobalSection(ExtensibilityGlobals) = postSolution
		SolutionGuid = {D1FCB09C-DC90-4A99-A4AE-8A33FDF421E3}
	EndGlobalSection
EndGlobal
